
Microsoft Visual Studio Solution File, Format Version 12.00
# Visual Studio Version 17
VisualStudioVersion = 17.11.35312.102
MinimumVisualStudioVersion = 10.0.40219.1
Project("{9A19103F-16F7-4668-BE54-9A1E7A4F7556}") = "CMSProject", "CMSProject\CMSProject.csproj", "{1551CFB0-E312-4904-8B2B-9D2A1485E846}"
EndProject
Project("{9A19103F-16F7-4668-BE54-9A1E7A4F7556}") = "CMSProject.Application", "CMSProject.Application\CMSProject.Application.csproj", "{B71E6D3F-1F84-4FB1-A59B-94213D62DAC7}"
EndProject
Project("{9A19103F-16F7-4668-BE54-9A1E7A4F7556}") = "CMSProject.Infrastructure", "CMSProject.Infrastructure\CMSProject.Infrastructure.csproj", "{2EDDD0D1-1132-4105-BF3E-2FD176373F3F}"
EndProject
Project("{9A19103F-16F7-4668-BE54-9A1E7A4F7556}") = "CMSProject.Core", "CMSProject.Core\CMSProject.Core.csproj", "{C2E1AF41-16CC-4737-BEA4-86599429294E}"
EndProject
Project("{9A19103F-16F7-4668-BE54-9A1E7A4F7556}") = "CMSProject.Tests", "CMSProject.Tests\CMSProject.Tests.csproj", "{4069B210-43CC-4391-AE51-38C858D7E3A8}"
EndProject
Global
	GlobalSection(SolutionConfigurationPlatforms) = preSolution
		Debug|Any CPU = Debug|Any CPU
		Release|Any CPU = Release|Any CPU
	EndGlobalSection
	GlobalSection(ProjectConfigurationPlatforms) = postSolution
		{1551CFB0-E312-4904-8B2B-9D2A1485E846}.Debug|Any CPU.ActiveCfg = Debug|Any CPU
		{1551CFB0-E312-4904-8B2B-9D2A1485E846}.Debug|Any CPU.Build.0 = Debug|Any CPU
		{1551CFB0-E312-4904-8B2B-9D2A1485E846}.Release|Any CPU.ActiveCfg = Release|Any CPU
		{1551CFB0-E312-4904-8B2B-9D2A1485E846}.Release|Any CPU.Build.0 = Release|Any CPU
		{B71E6D3F-1F84-4FB1-A59B-94213D62DAC7}.Debug|Any CPU.ActiveCfg = Debug|Any CPU
		{B71E6D3F-1F84-4FB1-A59B-94213D62DAC7}.Debug|Any CPU.Build.0 = Debug|Any CPU
		{B71E6D3F-1F84-4FB1-A59B-94213D62DAC7}.Release|Any CPU.ActiveCfg = Release|Any CPU
		{B71E6D3F-1F84-4FB1-A59B-94213D62DAC7}.Release|Any CPU.Build.0 = Release|Any CPU
		{2EDDD0D1-1132-4105-BF3E-2FD176373F3F}.Debug|Any CPU.ActiveCfg = Debug|Any CPU
		{2EDDD0D1-1132-4105-BF3E-2FD176373F3F}.Debug|Any CPU.Build.0 = Debug|Any CPU
		{2EDDD0D1-1132-4105-BF3E-2FD176373F3F}.Release|Any CPU.ActiveCfg = Release|Any CPU
		{2EDDD0D1-1132-4105-BF3E-2FD176373F3F}.Release|Any CPU.Build.0 = Release|Any CPU
		{C2E1AF41-16CC-4737-BEA4-86599429294E}.Debug|Any CPU.ActiveCfg = Debug|Any CPU
		{C2E1AF41-16CC-4737-BEA4-86599429294E}.Debug|Any CPU.Build.0 = Debug|Any CPU
		{C2E1AF41-16CC-4737-BEA4-86599429294E}.Release|Any CPU.ActiveCfg = Release|Any CPU
		{C2E1AF41-16CC-4737-BEA4-86599429294E}.Release|Any CPU.Build.0 = Release|Any CPU
		{4069B210-43CC-4391-AE51-38C858D7E3A8}.Debug|Any CPU.ActiveCfg = Debug|Any CPU
		{4069B210-43CC-4391-AE51-38C858D7E3A8}.Debug|Any CPU.Build.0 = Debug|Any CPU
		{4069B210-43CC-4391-AE51-38C858D7E3A8}.Release|Any CPU.ActiveCfg = Release|Any CPU
		{4069B210-43CC-4391-AE51-38C858D7E3A8}.Release|Any CPU.Build.0 = Release|Any CPU
	EndGlobalSection
	GlobalSection(SolutionProperties) = preSolution
		HideSolutionNode = FALSE
	EndGlobalSection
	GlobalSection(ExtensibilityGlobals) = postSolution
		SolutionGuid = {C83D3E94-C8EB-45B5-A9D4-B2CBB61A7172}
	EndGlobalSection
EndGlobal
